github.com/Arafatk/Dataviz v0.0.0-20190312232637-a92bdc2b62a5 h1:iXhUuux/xEk0kwJoTtYVu6/uRHNatnVyWKZm7cCRXfY=
github.com/Arafatk/Dataviz v0.0.0-20190312232637-a92bdc2b62a5/go.mod h1:7KHew3aDhhnCkU6+UNWz7jOI8oPPxEufl9H/Q5rI8bs=
github.com/pennz/dataviz v0.0.0-20190312232637-a92bdc2b62a5 h1:LcRLQ6tDM+qnW/aLSPnAMA6Cfi5XmTKXvQ0D9IPCMRE=
github.com/pennz/dataviz v0.0.0-20190312232637-a92bdc2b62a5/go.mod h1:jwH47FfdNM0k4xrpCKc3TvrdCN3+wSpQQuOHYjIbIvM=
